
Microsoft Visual Studio Solution File, Format Version 12.00
# Visual Studio Version 17
VisualStudioVersion = 17.2.32630.192
MinimumVisualStudioVersion = 10.0.40219.1
Project("{2150E333-8FDC-42A3-9474-1A3956D46DE8}") = "Solution Items", "Solution Items", "{40AAF55C-0F92-4B55-B284-8836828A7FAC}"
	ProjectSection(SolutionItems) = preProject
		.gitignore.txt = .gitignore.txt
	EndProjectSection
EndProject
Project("{9A19103F-16F7-4668-BE54-9A1E7A4F7556}") = "DateTimePractice", "DateTimePractice\DateTimePractice.csproj", "{5FBCA31F-A283-4987-BD09-B0600B8C147B}"
EndProject
Project("{9A19103F-16F7-4668-BE54-9A1E7A4F7556}") = "ListInitConstruct", "ListInitConstruct\ListInitConstruct.csproj", "{F777E422-5251-4F7C-9447-654B85CB5BDA}"
EndProject
Project("{9A19103F-16F7-4668-BE54-9A1E7A4F7556}") = "ListInitConstruct2", "ListInitConstruct2\ListInitConstruct2.csproj", "{364EC56C-7B2B-4CB5-A4D9-570186E7B5BB}"
EndProject
Project("{9A19103F-16F7-4668-BE54-9A1E7A4F7556}") = "ListOfObjects", "ListOfObjects\ListOfObjects.csproj", "{8B75E7E7-53B7-4535-B97A-BDF76EAFE3BF}"
EndProject
Project("{9A19103F-16F7-4668-BE54-9A1E7A4F7556}") = "Mammals", "Mammals\Mammals.csproj", "{CC852E8C-F916-4BBA-AB6E-874FED8EBA5F}"
EndProject
Project("{9A19103F-16F7-4668-BE54-9A1E7A4F7556}") = "CarClassification", "CarClassification\CarClassification.csproj", "{29BFF044-64C3-4851-955C-64F5CC34BCAB}"
EndProject
Project("{9A19103F-16F7-4668-BE54-9A1E7A4F7556}") = "Lab 4.1 RPG", "Lab 4.1 RPG\Lab 4.1 RPG.csproj", "{E638B761-7FB4-4020-9A0C-F329755CF09D}"
EndProject
Project("{9A19103F-16F7-4668-BE54-9A1E7A4F7556}") = "MediaApp", "MediaApp\MediaApp.csproj", "{F045FF9C-5541-4522-BBBD-4022823EDC9F}"
EndProject
Project("{FAE04EC0-301F-11D3-BF4B-00C04F79EFBC}") = "Lab 4.2 Used Car Lot", "Lab 4.2 Used Car Lot\Lab 4.2 Used Car Lot.csproj", "{72DC1805-88D3-4684-90A8-3EF5797A7EAA}"
EndProject
Global
	GlobalSection(SolutionConfigurationPlatforms) = preSolution
		Debug|Any CPU = Debug|Any CPU
		Release|Any CPU = Release|Any CPU
	EndGlobalSection
	GlobalSection(ProjectConfigurationPlatforms) = postSolution
		{5FBCA31F-A283-4987-BD09-B0600B8C147B}.Debug|Any CPU.ActiveCfg = Debug|Any CPU
		{5FBCA31F-A283-4987-BD09-B0600B8C147B}.Debug|Any CPU.Build.0 = Debug|Any CPU
		{5FBCA31F-A283-4987-BD09-B0600B8C147B}.Release|Any CPU.ActiveCfg = Release|Any CPU
		{5FBCA31F-A283-4987-BD09-B0600B8C147B}.Release|Any CPU.Build.0 = Release|Any CPU
		{F777E422-5251-4F7C-9447-654B85CB5BDA}.Debug|Any CPU.ActiveCfg = Debug|Any CPU
		{F777E422-5251-4F7C-9447-654B85CB5BDA}.Debug|Any CPU.Build.0 = Debug|Any CPU
		{F777E422-5251-4F7C-9447-654B85CB5BDA}.Release|Any CPU.ActiveCfg = Release|Any CPU
		{F777E422-5251-4F7C-9447-654B85CB5BDA}.Release|Any CPU.Build.0 = Release|Any CPU
		{364EC56C-7B2B-4CB5-A4D9-570186E7B5BB}.Debug|Any CPU.ActiveCfg = Debug|Any CPU
		{364EC56C-7B2B-4CB5-A4D9-570186E7B5BB}.Debug|Any CPU.Build.0 = Debug|Any CPU
		{364EC56C-7B2B-4CB5-A4D9-570186E7B5BB}.Release|Any CPU.ActiveCfg = Release|Any CPU
		{364EC56C-7B2B-4CB5-A4D9-570186E7B5BB}.Release|Any CPU.Build.0 = Release|Any CPU
		{8B75E7E7-53B7-4535-B97A-BDF76EAFE3BF}.Debug|Any CPU.ActiveCfg = Debug|Any CPU
		{8B75E7E7-53B7-4535-B97A-BDF76EAFE3BF}.Debug|Any CPU.Build.0 = Debug|Any CPU
		{8B75E7E7-53B7-4535-B97A-BDF76EAFE3BF}.Release|Any CPU.ActiveCfg = Release|Any CPU
		{8B75E7E7-53B7-4535-B97A-BDF76EAFE3BF}.Release|Any CPU.Build.0 = Release|Any CPU
		{CC852E8C-F916-4BBA-AB6E-874FED8EBA5F}.Debug|Any CPU.ActiveCfg = Debug|Any CPU
		{CC852E8C-F916-4BBA-AB6E-874FED8EBA5F}.Debug|Any CPU.Build.0 = Debug|Any CPU
		{CC852E8C-F916-4BBA-AB6E-874FED8EBA5F}.Release|Any CPU.ActiveCfg = Release|Any CPU
		{CC852E8C-F916-4BBA-AB6E-874FED8EBA5F}.Release|Any CPU.Build.0 = Release|Any CPU
		{29BFF044-64C3-4851-955C-64F5CC34BCAB}.Debug|Any CPU.ActiveCfg = Debug|Any CPU
		{29BFF044-64C3-4851-955C-64F5CC34BCAB}.Debug|Any CPU.Build.0 = Debug|Any CPU
		{29BFF044-64C3-4851-955C-64F5CC34BCAB}.Release|Any CPU.ActiveCfg = Release|Any CPU
		{29BFF044-64C3-4851-955C-64F5CC34BCAB}.Release|Any CPU.Build.0 = Release|Any CPU
		{E638B761-7FB4-4020-9A0C-F329755CF09D}.Debug|Any CPU.ActiveCfg = Debug|Any CPU
		{E638B761-7FB4-4020-9A0C-F329755CF09D}.Debug|Any CPU.Build.0 = Debug|Any CPU
		{E638B761-7FB4-4020-9A0C-F329755CF09D}.Release|Any CPU.ActiveCfg = Release|Any CPU
		{E638B761-7FB4-4020-9A0C-F329755CF09D}.Release|Any CPU.Build.0 = Release|Any CPU
		{F045FF9C-5541-4522-BBBD-4022823EDC9F}.Debug|Any CPU.ActiveCfg = Debug|Any CPU
		{F045FF9C-5541-4522-BBBD-4022823EDC9F}.Debug|Any CPU.Build.0 = Debug|Any CPU
		{F045FF9C-5541-4522-BBBD-4022823EDC9F}.Release|Any CPU.ActiveCfg = Release|Any CPU
		{F045FF9C-5541-4522-BBBD-4022823EDC9F}.Release|Any CPU.Build.0 = Release|Any CPU
		{72DC1805-88D3-4684-90A8-3EF5797A7EAA}.Debug|Any CPU.ActiveCfg = Debug|Any CPU
		{72DC1805-88D3-4684-90A8-3EF5797A7EAA}.Debug|Any CPU.Build.0 = Debug|Any CPU
		{72DC1805-88D3-4684-90A8-3EF5797A7EAA}.Release|Any CPU.ActiveCfg = Release|Any CPU
		{72DC1805-88D3-4684-90A8-3EF5797A7EAA}.Release|Any CPU.Build.0 = Release|Any CPU
	EndGlobalSection
	GlobalSection(SolutionProperties) = preSolution
		HideSolutionNode = FALSE
	EndGlobalSection
	GlobalSection(ExtensibilityGlobals) = postSolution
		SolutionGuid = {EB59C181-587A-4157-BACE-A29DF6511E06}
	EndGlobalSection
EndGlobal
